{
    "_readme": [
        "This file locks the dependencies of your project to a known state",
        "Read more about it at https://getcomposer.org/doc/01-basic-usage.md#installing-dependencies",
        "This file is @generated automatically"
    ],
    "content-hash": "585a63f39e2d83ce75462357ddef1a1b",
    "packages": [
        {
            "name": "aeon-php/calendar",
            "version": "1.0.2",
            "source": {
                "type": "git",
                "url": "https://github.com/aeon-php/calendar.git",
                "reference": "9cc9b7b007e1703ab532ec204f864a6e8ce0147d"
            },
            "dist": {
                "type": "zip",
                "url": "https://api.github.com/repos/aeon-php/calendar/zipball/9cc9b7b007e1703ab532ec204f864a6e8ce0147d",
                "reference": "9cc9b7b007e1703ab532ec204f864a6e8ce0147d",
                "shasum": ""
            },
            "require": {
                "php": "^7.4.2 || ^8.0 || ^8.1"
            },
            "require-dev": {
                "ext-bcmath": "*"
            },
            "suggest": {
                "ext-bcmath": "Compare time units with high precision"
            },
            "type": "library",
            "autoload": {
                "psr-4": {
                    "Aeon\\": [
                        "src/Aeon"
                    ]
                }
            },
            "notification-url": "https://packagist.org/downloads/",
            "license": [
                "MIT"
            ],
            "description": "PHP type safe, immutable calendar library",
            "keywords": [
                "calendar",
                "date",
                "datetime",
                "immutable",
                "time"
            ],
            "support": {
                "issues": "https://github.com/aeon-php/calendar/issues",
                "source": "https://github.com/aeon-php/calendar/tree/1.0.2"
            },
            "time": "2021-12-05T20:54:21+00:00"
        }
    ],
    "packages-dev": [],
    "aliases": [],
    "minimum-stability": "stable",
    "stability-flags": [],
    "prefer-stable": true,
    "prefer-lowest": false,
    "platform": {
        "php": "^7.4.2 || ^8.0"
    },
    "platform-dev": {
        "ext-bcmath": "*"
    },
    "plugin-api-version": "2.1.0"
}
