{
    "_readme": [
        "This file locks the dependencies of your project to a known state",
        "Read more about it at https://getcomposer.org/doc/01-basic-usage.md#installing-dependencies",
        "This file is @generated automatically"
    ],
    "content-hash": "681d2c0b0b8b93a5792569bb7df94b29",
    "packages": [
        {
            "name": "aeon-php/calendar",
            "version": "0.13.0",
            "source": {
                "type": "git",
                "url": "https://github.com/aeon-php/calendar.git",
                "reference": "bb6bc9eb8dbcdf8ba99c66ee1f56408806c61464"
            },
            "dist": {
                "type": "zip",
                "url": "https://api.github.com/repos/aeon-php/calendar/zipball/bb6bc9eb8dbcdf8ba99c66ee1f56408806c61464",
                "reference": "bb6bc9eb8dbcdf8ba99c66ee1f56408806c61464",
                "shasum": ""
            },
            "require": {
                "php": ">=7.4.2"
            },
            "require-dev": {
                "ext-bcmath": "*"
            },
            "suggest": {
                "ext-bcmath": "Compare time units with high precision"
            },
            "type": "library",
            "autoload": {
                "psr-4": {
                    "Aeon\\": [
                        "src/Aeon"
                    ]
                }
            },
            "notification-url": "https://packagist.org/downloads/",
            "license": [
                "MIT"
            ],
            "description": "PHP type safe, immutable calendar library",
            "keywords": [
                "calendar",
                "date",
                "datetime",
                "immutable",
                "time"
            ],
            "support": {
                "issues": "https://github.com/aeon-php/calendar/issues",
                "source": "https://github.com/aeon-php/calendar/tree/0.13.0"
            },
            "funding": [
                {
                    "url": "https://github.com/norberttech",
                    "type": "github"
                }
            ],
            "time": "2020-12-20T11:26:36+00:00"
        },
        {
            "name": "aeon-php/calendar-holidays",
            "version": "0.6.0",
            "source": {
                "type": "git",
                "url": "https://github.com/aeon-php/calendar-holidays.git",
                "reference": "5294cbabedc8e7f6919682f0191ea6fc8dc21734"
            },
            "dist": {
                "type": "zip",
                "url": "https://api.github.com/repos/aeon-php/calendar-holidays/zipball/5294cbabedc8e7f6919682f0191ea6fc8dc21734",
                "reference": "5294cbabedc8e7f6919682f0191ea6fc8dc21734",
                "shasum": ""
            },
            "require": {
                "aeon-php/calendar": ">=0.13.0",
                "ext-json": "*",
                "ext-mbstring": "*",
                "php": ">=7.4.2"
            },
            "require-dev": {
                "google/apiclient": "^2.0"
            },
            "type": "library",
            "extra": {
                "branch-alias": {
                    "dev-latest": "1.0-dev"
                }
            },
            "autoload": {
                "psr-4": {
                    "Aeon\\": [
                        "src/Aeon"
                    ]
                }
            },
            "notification-url": "https://packagist.org/downloads/",
            "license": [
                "MIT"
            ],
            "description": "Holidays calendar abstraction layer for Aeon Time management framework",
            "keywords": [
                "calendar",
                "holidays",
                "immutable",
                "sleep"
            ],
            "support": {
                "issues": "https://github.com/aeon-php/calendar-holidays/issues",
                "source": "https://github.com/aeon-php/calendar-holidays/tree/0.6.0"
            },
            "funding": [
                {
                    "url": "https://github.com/norberttech",
                    "type": "github"
                }
            ],
            "time": "2020-12-20T11:58:19+00:00"
        },
        {
            "name": "azuyalabs/yasumi",
            "version": "2.3.0",
            "source": {
                "type": "git",
                "url": "https://github.com/azuyalabs/yasumi.git",
                "reference": "e2f37e6de3b15642b83275a24bbfe101cd5c7791"
            },
            "dist": {
                "type": "zip",
                "url": "https://api.github.com/repos/azuyalabs/yasumi/zipball/e2f37e6de3b15642b83275a24bbfe101cd5c7791",
                "reference": "e2f37e6de3b15642b83275a24bbfe101cd5c7791",
                "shasum": ""
            },
            "require": {
                "ext-json": "*",
                "php": ">=7.2"
            },
            "require-dev": {
                "friendsofphp/php-cs-fixer": "^2.16",
                "fzaninotto/faker": "^1.9",
                "mikey179/vfsstream": "^1.6",
                "phpunit/phpunit": "^8.5"
            },
            "suggest": {
                "ext-calendar": "For calculating the date of Easter"
            },
            "type": "library",
            "autoload": {
                "psr-4": {
                    "Yasumi\\": "src/Yasumi/"
                }
            },
            "notification-url": "https://packagist.org/downloads/",
            "license": [
                "MIT"
            ],
            "authors": [
                {
                    "name": "Sacha Telgenhof",
                    "email": "me@sachatelgenhof.com",
                    "role": "Maintainer"
                }
            ],
            "description": "The easy PHP Library for calculating holidays.",
            "homepage": "https://www.yasumi.dev",
            "keywords": [
                "Bank",
                "calculation",
                "calendar",
                "celebration",
                "date",
                "holiday",
                "holidays",
                "national",
                "time"
            ],
            "support": {
                "docs": "https://www.yasumi.dev",
                "issues": "https://github.com/azuyalabs/yasumi/issues",
                "source": "https://github.com/azuyalabs/yasumi"
            },
            "funding": [
                {
                    "url": "https://www.buymeacoffee.com/sachatelgenhof",
                    "type": "other"
                }
            ],
            "time": "2020-06-22T12:46:20+00:00"
        }
    ],
    "packages-dev": [],
    "aliases": [],
    "minimum-stability": "dev",
    "stability-flags": [],
    "prefer-stable": true,
    "prefer-lowest": false,
    "platform": {
        "php": ">=7.4.2"
    },
    "platform-dev": [],
    "plugin-api-version": "2.0.0"
}
