{
    "_readme": [
        "This file locks the dependencies of your project to a known state",
        "Read more about it at https://getcomposer.org/doc/01-basic-usage.md#installing-dependencies",
        "This file is @generated automatically"
    ],
    "content-hash": "3ad3c396064dd61ad60c7681eb05f276",
    "packages": [
        {
            "name": "aeon-php/calendar",
            "version": "1.0.7",
            "source": {
                "type": "git",
                "url": "https://github.com/aeon-php/calendar.git",
                "reference": "49e3167815ca6af1f4215eed0719c3d83d749571"
            },
            "dist": {
                "type": "zip",
                "url": "https://api.github.com/repos/aeon-php/calendar/zipball/49e3167815ca6af1f4215eed0719c3d83d749571",
                "reference": "49e3167815ca6af1f4215eed0719c3d83d749571",
                "shasum": ""
            },
            "require": {
                "php": "^7.4.2 || ~8.0 || ~8.1.10"
            },
            "require-dev": {
                "ext-bcmath": "*"
            },
            "suggest": {
                "ext-bcmath": "Compare time units with high precision"
            },
            "type": "library",
            "autoload": {
                "psr-4": {
                    "Aeon\\": [
                        "src/Aeon"
                    ]
                }
            },
            "notification-url": "https://packagist.org/downloads/",
            "license": [
                "MIT"
            ],
            "description": "PHP type safe, immutable calendar library",
            "keywords": [
                "calendar",
                "date",
                "datetime",
                "immutable",
                "time"
            ],
            "support": {
                "issues": "https://github.com/aeon-php/calendar/issues",
                "source": "https://github.com/aeon-php/calendar/tree/1.0.7"
            },
            "time": "2022-09-10T13:11:14+00:00"
        }
    ],
    "packages-dev": [],
    "aliases": [],
    "minimum-stability": "stable",
    "stability-flags": [],
    "prefer-stable": true,
    "prefer-lowest": false,
    "platform": {
        "php": "^7.4.2 || ~8.0.0 || ~8.1.0"
    },
    "platform-dev": {
        "ext-bcmath": "*"
    },
    "plugin-api-version": "2.3.0"
}
